
Microsoft Visual Studio Solution File, Format Version 12.00
# Visual Studio Version 17
VisualStudioVersion = 17.0.32014.148
MinimumVisualStudioVersion = 15.0.26124.0
Project("{9A19103F-16F7-4668-BE54-9A1E7A4F7556}") = "Ex11", "Ex11\Ex11.csproj", "{DB5230DE-5970-445F-A29E-E2BCD16E9D02}"
EndProject
Project("{FAE04EC0-301F-11D3-BF4B-00C04F79EFBC}") = "Ex10", "Ex10\Ex10.csproj", "{BB151566-9DDC-4D58-B85F-3A097F6B12A5}"
EndProject
Project("{FAE04EC0-301F-11D3-BF4B-00C04F79EFBC}") = "Ex12", "Ex12\Ex12.csproj", "{5C1702F8-3973-4211-A088-B35168958EF0}"
EndProject
Project("{FAE04EC0-301F-11D3-BF4B-00C04F79EFBC}") = "Ex13", "Ex13\Ex13.csproj", "{A2EDF162-9196-4D55-959D-0A424D3425B8}"
EndProject
Global
	GlobalSection(SolutionConfigurationPlatforms) = preSolution
		Debug|Any CPU = Debug|Any CPU
		Debug|x64 = Debug|x64
		Debug|x86 = Debug|x86
		Release|Any CPU = Release|Any CPU
		Release|x64 = Release|x64
		Release|x86 = Release|x86
	EndGlobalSection
	GlobalSection(ProjectConfigurationPlatforms) = postSolution
		{DB5230DE-5970-445F-A29E-E2BCD16E9D02}.Debug|Any CPU.ActiveCfg = Debug|Any CPU
		{DB5230DE-5970-445F-A29E-E2BCD16E9D02}.Debug|Any CPU.Build.0 = Debug|Any CPU
		{DB5230DE-5970-445F-A29E-E2BCD16E9D02}.Debug|x64.ActiveCfg = Debug|Any CPU
		{DB5230DE-5970-445F-A29E-E2BCD16E9D02}.Debug|x64.Build.0 = Debug|Any CPU
		{DB5230DE-5970-445F-A29E-E2BCD16E9D02}.Debug|x86.ActiveCfg = Debug|Any CPU
		{DB5230DE-5970-445F-A29E-E2BCD16E9D02}.Debug|x86.Build.0 = Debug|Any CPU
		{DB5230DE-5970-445F-A29E-E2BCD16E9D02}.Release|Any CPU.ActiveCfg = Release|Any CPU
		{DB5230DE-5970-445F-A29E-E2BCD16E9D02}.Release|Any CPU.Build.0 = Release|Any CPU
		{DB5230DE-5970-445F-A29E-E2BCD16E9D02}.Release|x64.ActiveCfg = Release|Any CPU
		{DB5230DE-5970-445F-A29E-E2BCD16E9D02}.Release|x64.Build.0 = Release|Any CPU
		{DB5230DE-5970-445F-A29E-E2BCD16E9D02}.Release|x86.ActiveCfg = Release|Any CPU
		{DB5230DE-5970-445F-A29E-E2BCD16E9D02}.Release|x86.Build.0 = Release|Any CPU
		{BB151566-9DDC-4D58-B85F-3A097F6B12A5}.Debug|Any CPU.ActiveCfg = Debug|Any CPU
		{BB151566-9DDC-4D58-B85F-3A097F6B12A5}.Debug|Any CPU.Build.0 = Debug|Any CPU
		{BB151566-9DDC-4D58-B85F-3A097F6B12A5}.Debug|x64.ActiveCfg = Debug|Any CPU
		{BB151566-9DDC-4D58-B85F-3A097F6B12A5}.Debug|x64.Build.0 = Debug|Any CPU
		{BB151566-9DDC-4D58-B85F-3A097F6B12A5}.Debug|x86.ActiveCfg = Debug|Any CPU
		{BB151566-9DDC-4D58-B85F-3A097F6B12A5}.Debug|x86.Build.0 = Debug|Any CPU
		{BB151566-9DDC-4D58-B85F-3A097F6B12A5}.Release|Any CPU.ActiveCfg = Release|Any CPU
		{BB151566-9DDC-4D58-B85F-3A097F6B12A5}.Release|Any CPU.Build.0 = Release|Any CPU
		{BB151566-9DDC-4D58-B85F-3A097F6B12A5}.Release|x64.ActiveCfg = Release|Any CPU
		{BB151566-9DDC-4D58-B85F-3A097F6B12A5}.Release|x64.Build.0 = Release|Any CPU
		{BB151566-9DDC-4D58-B85F-3A097F6B12A5}.Release|x86.ActiveCfg = Release|Any CPU
		{BB151566-9DDC-4D58-B85F-3A097F6B12A5}.Release|x86.Build.0 = Release|Any CPU
		{5C1702F8-3973-4211-A088-B35168958EF0}.Debug|Any CPU.ActiveCfg = Debug|Any CPU
		{5C1702F8-3973-4211-A088-B35168958EF0}.Debug|Any CPU.Build.0 = Debug|Any CPU
		{5C1702F8-3973-4211-A088-B35168958EF0}.Debug|x64.ActiveCfg = Debug|Any CPU
		{5C1702F8-3973-4211-A088-B35168958EF0}.Debug|x64.Build.0 = Debug|Any CPU
		{5C1702F8-3973-4211-A088-B35168958EF0}.Debug|x86.ActiveCfg = Debug|Any CPU
		{5C1702F8-3973-4211-A088-B35168958EF0}.Debug|x86.Build.0 = Debug|Any CPU
		{5C1702F8-3973-4211-A088-B35168958EF0}.Release|Any CPU.ActiveCfg = Release|Any CPU
		{5C1702F8-3973-4211-A088-B35168958EF0}.Release|Any CPU.Build.0 = Release|Any CPU
		{5C1702F8-3973-4211-A088-B35168958EF0}.Release|x64.ActiveCfg = Release|Any CPU
		{5C1702F8-3973-4211-A088-B35168958EF0}.Release|x64.Build.0 = Release|Any CPU
		{5C1702F8-3973-4211-A088-B35168958EF0}.Release|x86.ActiveCfg = Release|Any CPU
		{5C1702F8-3973-4211-A088-B35168958EF0}.Release|x86.Build.0 = Release|Any CPU
		{A2EDF162-9196-4D55-959D-0A424D3425B8}.Debug|Any CPU.ActiveCfg = Debug|Any CPU
		{A2EDF162-9196-4D55-959D-0A424D3425B8}.Debug|Any CPU.Build.0 = Debug|Any CPU
		{A2EDF162-9196-4D55-959D-0A424D3425B8}.Debug|x64.ActiveCfg = Debug|Any CPU
		{A2EDF162-9196-4D55-959D-0A424D3425B8}.Debug|x64.Build.0 = Debug|Any CPU
		{A2EDF162-9196-4D55-959D-0A424D3425B8}.Debug|x86.ActiveCfg = Debug|Any CPU
		{A2EDF162-9196-4D55-959D-0A424D3425B8}.Debug|x86.Build.0 = Debug|Any CPU
		{A2EDF162-9196-4D55-959D-0A424D3425B8}.Release|Any CPU.ActiveCfg = Release|Any CPU
		{A2EDF162-9196-4D55-959D-0A424D3425B8}.Release|Any CPU.Build.0 = Release|Any CPU
		{A2EDF162-9196-4D55-959D-0A424D3425B8}.Release|x64.ActiveCfg = Release|Any CPU
		{A2EDF162-9196-4D55-959D-0A424D3425B8}.Release|x64.Build.0 = Release|Any CPU
		{A2EDF162-9196-4D55-959D-0A424D3425B8}.Release|x86.ActiveCfg = Release|Any CPU
		{A2EDF162-9196-4D55-959D-0A424D3425B8}.Release|x86.Build.0 = Release|Any CPU
	EndGlobalSection
	GlobalSection(SolutionProperties) = preSolution
		HideSolutionNode = FALSE
	EndGlobalSection
	GlobalSection(ExtensibilityGlobals) = postSolution
		SolutionGuid = {A5754EE2-7B99-4460-BF22-FDADA020AF00}
	EndGlobalSection
EndGlobal
