
Microsoft Visual Studio Solution File, Format Version 12.00
# Visual Studio Version 16
VisualStudioVersion = 16.0.30114.105
MinimumVisualStudioVersion = 10.0.40219.1
Project("{9A19103F-16F7-4668-BE54-9A1E7A4F7556}") = "PercorreString", "PercorreString\PercorreString.csproj", "{9FAE6030-6D8E-4529-B36E-BBB67126BCE9}"
EndProject
Project("{FAE04EC0-301F-11D3-BF4B-00C04F79EFBC}") = "ArrayBiDim", "ArrayBiDim\ArrayBiDim.csproj", "{08F4625F-4216-4EDC-937B-D10FF6885011}"
EndProject
Global
	GlobalSection(SolutionConfigurationPlatforms) = preSolution
		Debug|Any CPU = Debug|Any CPU
		Release|Any CPU = Release|Any CPU
	EndGlobalSection
	GlobalSection(ProjectConfigurationPlatforms) = postSolution
		{9FAE6030-6D8E-4529-B36E-BBB67126BCE9}.Debug|Any CPU.ActiveCfg = Debug|Any CPU
		{9FAE6030-6D8E-4529-B36E-BBB67126BCE9}.Debug|Any CPU.Build.0 = Debug|Any CPU
		{9FAE6030-6D8E-4529-B36E-BBB67126BCE9}.Release|Any CPU.ActiveCfg = Release|Any CPU
		{9FAE6030-6D8E-4529-B36E-BBB67126BCE9}.Release|Any CPU.Build.0 = Release|Any CPU
		{08F4625F-4216-4EDC-937B-D10FF6885011}.Debug|Any CPU.ActiveCfg = Debug|Any CPU
		{08F4625F-4216-4EDC-937B-D10FF6885011}.Debug|Any CPU.Build.0 = Debug|Any CPU
		{08F4625F-4216-4EDC-937B-D10FF6885011}.Release|Any CPU.ActiveCfg = Release|Any CPU
		{08F4625F-4216-4EDC-937B-D10FF6885011}.Release|Any CPU.Build.0 = Release|Any CPU
	EndGlobalSection
	GlobalSection(SolutionProperties) = preSolution
		HideSolutionNode = FALSE
	EndGlobalSection
	GlobalSection(ExtensibilityGlobals) = postSolution
		SolutionGuid = {49D82472-39E4-4515-BDD6-22367C4818E3}
	EndGlobalSection
EndGlobal
